
Microsoft Visual Studio Solution File, Format Version 12.00
# Visual Studio Version 17
VisualStudioVersion = 17.11.35222.181
MinimumVisualStudioVersion = 10.0.40219.1
Project("{9A19103F-16F7-4668-BE54-9A1E7A4F7556}") = "Dima.Core", "Dima.Core\Dima.Core.csproj", "{F77BDF0E-C049-4382-AC5E-E97C82C8AADE}"
EndProject
Project("{9A19103F-16F7-4668-BE54-9A1E7A4F7556}") = "Dima.Api", "Dima.Api\Dima.Api.csproj", "{2FFB1366-8759-4F5F-BBB4-AD9BCC811105}"
EndProject
Project("{9A19103F-16F7-4668-BE54-9A1E7A4F7556}") = "Dima.Web", "Dima.Web\Dima.Web.csproj", "{729C87EF-CBDC-466D-ACD3-239AB5E50AC6}"
EndProject
Global
	GlobalSection(SolutionConfigurationPlatforms) = preSolution
		Debug|Any CPU = Debug|Any CPU
		Release|Any CPU = Release|Any CPU
	EndGlobalSection
	GlobalSection(ProjectConfigurationPlatforms) = postSolution
		{F77BDF0E-C049-4382-AC5E-E97C82C8AADE}.Debug|Any CPU.ActiveCfg = Debug|Any CPU
		{F77BDF0E-C049-4382-AC5E-E97C82C8AADE}.Debug|Any CPU.Build.0 = Debug|Any CPU
		{F77BDF0E-C049-4382-AC5E-E97C82C8AADE}.Release|Any CPU.ActiveCfg = Release|Any CPU
		{F77BDF0E-C049-4382-AC5E-E97C82C8AADE}.Release|Any CPU.Build.0 = Release|Any CPU
		{2FFB1366-8759-4F5F-BBB4-AD9BCC811105}.Debug|Any CPU.ActiveCfg = Debug|Any CPU
		{2FFB1366-8759-4F5F-BBB4-AD9BCC811105}.Debug|Any CPU.Build.0 = Debug|Any CPU
		{2FFB1366-8759-4F5F-BBB4-AD9BCC811105}.Release|Any CPU.ActiveCfg = Release|Any CPU
		{2FFB1366-8759-4F5F-BBB4-AD9BCC811105}.Release|Any CPU.Build.0 = Release|Any CPU
		{729C87EF-CBDC-466D-ACD3-239AB5E50AC6}.Debug|Any CPU.ActiveCfg = Debug|Any CPU
		{729C87EF-CBDC-466D-ACD3-239AB5E50AC6}.Debug|Any CPU.Build.0 = Debug|Any CPU
		{729C87EF-CBDC-466D-ACD3-239AB5E50AC6}.Release|Any CPU.ActiveCfg = Release|Any CPU
		{729C87EF-CBDC-466D-ACD3-239AB5E50AC6}.Release|Any CPU.Build.0 = Release|Any CPU
	EndGlobalSection
	GlobalSection(SolutionProperties) = preSolution
		HideSolutionNode = FALSE
	EndGlobalSection
	GlobalSection(ExtensibilityGlobals) = postSolution
		SolutionGuid = {3F3F6F3A-6E75-4183-B318-A0AD84EC5817}
	EndGlobalSection
EndGlobal
